PODS:
  - Alamofire (4.7.3)
  - AudioKit/Core (4.4.0)
  - AVAudioSessionSetCategorySwift (1.0.0)
  - IQKeyboardManagerSwift (6.0.5)
  - LSFloatingActionMenu (1.0.0)
  - SQLite.swift (0.11.4):
    - SQLite.swift/standard (= 0.11.4)
  - SQLite.swift/standard (0.11.4)
  - SwiftyJSON (4.2.0)

DEPENDENCIES:
  - Alamofire (~> 4.5)
  - AudioKit/Core (~> 4.4.0)
  - AVAudioSessionSetCategorySwift
  - IQKeyboardManagerSwift (~> 6.0.4)
  - LSFloatingActionMenu (~> 1.0.0)
  - SQLite.swift (= 0.11.4)
  - SwiftyJSON (~> 4.0)

SPEC REPOS:
  https://github.com/cocoapods/specs.git:
    - Alamofire
    - AudioKit
    - AVAudioSessionSetCategorySwift
    - IQKeyboardManagerSwift
    - LSFloatingActionMenu
    - SQLite.swift
    - SwiftyJSON

SPEC CHECKSUMS:
  Alamofire: c7287b6e5d7da964a70935e5db17046b7fde6568
  AudioKit: 79c2b23cd00beb656938aa0b81b614391f17eaa3
  AVAudioSessionSetCategorySwift: ec124e48dd653134ac6be1ef12cf9a90a6a32e73
  IQKeyboardManagerSwift: c14eca30f6001457d6ddf25e313f23fb6578c41c
  LSFloatingActionMenu: dc2d6449e817cb2eb3c3a9a751bd49c3aae416b2
  SQLite.swift: 3e3bee21da701b5b9f87c4a672cb54f233505692
  SwiftyJSON: c4bcba26dd9ec7a027fc8eade48e2c911f229e96

PODFILE CHECKSUM: 81a63dbcfa9baa91b356fe1943f90ad98db6f5f4

COCOAPODS: 1.5.3
